{
  "name": "artspass",
  "version": "1.0.0",
  "lockfileVersion": 1,
  "requires": true,
  "dependencies": {
    "@material/animation": {
      "version": "0.3.1",
      "resolved": "https://registry.npmjs.org/@material/animation/-/animation-0.3.1.tgz",
      "integrity": "sha1-Ip3mkn0FkNbWsgFX13jSZO8CIpo="
    },
    "@material/auto-init": {
      "version": "0.1.3",
      "resolved": "https://registry.npmjs.org/@material/auto-init/-/auto-init-0.1.3.tgz",
      "integrity": "sha1-Efkuu0AGcmgjhEg5GlQlBbGTIZA="
    },
    "@material/base": {
      "version": "0.2.3",
      "resolved": "https://registry.npmjs.org/@material/base/-/base-0.2.3.tgz",
      "integrity": "sha1-xOsmttblhAwlStSHWI3E9puXHz4="
    },
    "@material/button": {
      "version": "0.3.11",
      "resolved": "https://registry.npmjs.org/@material/button/-/button-0.3.11.tgz",
      "integrity": "sha1-F6tM1dVTiePaNJaxwWJtzk9qeDk=",
      "requires": {
        "@material/elevation": "0.1.11",
        "@material/ripple": "0.8.2",
        "@material/theme": "0.1.7",
        "@material/typography": "0.3.0"
      }
    },
    "@material/card": {
      "version": "0.2.6",
      "resolved": "https://registry.npmjs.org/@material/card/-/card-0.2.6.tgz",
      "integrity": "sha1-NxhN42KUkOuea1Ytx/eCPPh8+Pg=",
      "requires": {
        "@material/elevation": "0.1.11",
        "@material/rtl": "0.1.7",
        "@material/theme": "0.1.7",
        "@material/typography": "0.3.0"
      }
    },
    "@material/checkbox": {
      "version": "0.4.2",
      "resolved": "https://registry.npmjs.org/@material/checkbox/-/checkbox-0.4.2.tgz",
      "integrity": "sha1-UMND2vC6ImVWLdiDK09wilS02sQ=",
      "requires": {
        "@material/animation": "0.3.1",
        "@material/base": "0.2.3",
        "@material/ripple": "0.8.2",
        "@material/rtl": "0.1.7",
        "@material/theme": "0.1.7"
      }
    },
    "@material/dialog": {
      "version": "0.3.5",
      "resolved": "https://registry.npmjs.org/@material/dialog/-/dialog-0.3.5.tgz",
      "integrity": "sha1-P09yTD5+JEUJ/U/+p7OHj1JjKfE=",
      "requires": {
        "@material/animation": "0.3.1",
        "@material/base": "0.2.3",
        "@material/elevation": "0.1.11",
        "@material/ripple": "0.8.2",
        "@material/rtl": "0.1.7",
        "@material/theme": "0.1.7",
        "@material/typography": "0.1.1",
        "focus-trap": "2.3.0"
      },
      "dependencies": {
        "@material/typography": {
          "version": "0.1.1",
          "resolved": "https://registry.npmjs.org/@material/typography/-/typography-0.1.1.tgz",
          "integrity": "sha1-+y40N70yhNOen7kUhXZ63msr0ME="
        }
      }
    },
    "@material/drawer": {
      "version": "0.5.4",
      "resolved": "https://registry.npmjs.org/@material/drawer/-/drawer-0.5.4.tgz",
      "integrity": "sha1-BLanjp6j7lXxqY7H6xctxiNBsNc=",
      "requires": {
        "@material/animation": "0.3.1",
        "@material/base": "0.2.3",
        "@material/elevation": "0.1.11",
        "@material/rtl": "0.1.7",
        "@material/theme": "0.1.7",
        "@material/typography": "0.3.0"
      }
    },
    "@material/elevation": {
      "version": "0.1.11",
      "resolved": "https://registry.npmjs.org/@material/elevation/-/elevation-0.1.11.tgz",
      "integrity": "sha1-GVgVZIaX8vutIGZqTCMtybbxGJs=",
      "requires": {
        "@material/animation": "0.3.1"
      }
    },
    "@material/fab": {
      "version": "0.3.13",
      "resolved": "https://registry.npmjs.org/@material/fab/-/fab-0.3.13.tgz",
      "integrity": "sha1-tCbw4Vb6sr1QYwlb4n7BsM93Ebo=",
      "requires": {
        "@material/animation": "0.3.1",
        "@material/elevation": "0.1.11",
        "@material/ripple": "0.8.2",
        "@material/theme": "0.1.7"
      }
    },
    "@material/form-field": {
      "version": "0.2.11",
      "resolved": "https://registry.npmjs.org/@material/form-field/-/form-field-0.2.11.tgz",
      "integrity": "sha1-BEtlJtAZuDW86mrfiCOc19M1vGk=",
      "requires": {
        "@material/base": "0.2.3",
        "@material/rtl": "0.1.7",
        "@material/theme": "0.1.7",
        "@material/typography": "0.3.0"
      }
    },
    "@material/grid-list": {
      "version": "0.2.8",
      "resolved": "https://registry.npmjs.org/@material/grid-list/-/grid-list-0.2.8.tgz",
      "integrity": "sha1-kKkUZcSF4LpcfoXkbnsHbgGvk/U=",
      "requires": {
        "@material/base": "0.2.3",
        "@material/rtl": "0.1.7",
        "@material/theme": "0.1.7",
        "@material/typography": "0.3.0"
      }
    },
    "@material/icon-toggle": {
      "version": "0.1.16",
      "resolved": "https://registry.npmjs.org/@material/icon-toggle/-/icon-toggle-0.1.16.tgz",
      "integrity": "sha1-JiHue/VqrUDWUs+rA8WXP1UNLVc=",
      "requires": {
        "@material/animation": "0.3.1",
        "@material/base": "0.2.3",
        "@material/ripple": "0.8.2",
        "@material/theme": "0.1.7"
      }
    },
    "@material/layout-grid": {
      "version": "0.4.1",
      "resolved": "https://registry.npmjs.org/@material/layout-grid/-/layout-grid-0.4.1.tgz",
      "integrity": "sha1-MlFuZ1icKCbkUskTuRCLuvAdMBU="
    },
    "@material/linear-progress": {
      "version": "0.1.6",
      "resolved": "https://registry.npmjs.org/@material/linear-progress/-/linear-progress-0.1.6.tgz",
      "integrity": "sha1-GQfzta53Vu0qkGBUYLw1TatK4qM=",
      "requires": {
        "@material/animation": "0.3.1",
        "@material/base": "0.2.3",
        "@material/theme": "0.1.7"
      }
    },
    "@material/list": {
      "version": "0.2.14",
      "resolved": "https://registry.npmjs.org/@material/list/-/list-0.2.14.tgz",
      "integrity": "sha1-g4igewQigf9CX3l3lCu1Mm52JxE=",
      "requires": {
        "@material/ripple": "0.8.2",
        "@material/rtl": "0.1.7",
        "@material/theme": "0.1.7",
        "@material/typography": "0.3.0"
      }
    },
    "@material/menu": {
      "version": "0.4.3",
      "resolved": "https://registry.npmjs.org/@material/menu/-/menu-0.4.3.tgz",
      "integrity": "sha1-/rw7GX/9/xAIfnaY8zpxGz4Tw3I=",
      "requires": {
        "@material/animation": "0.3.1",
        "@material/base": "0.2.3",
        "@material/elevation": "0.1.11",
        "@material/theme": "0.1.7",
        "@material/typography": "0.3.0"
      }
    },
    "@material/radio": {
      "version": "0.2.9",
      "resolved": "https://registry.npmjs.org/@material/radio/-/radio-0.2.9.tgz",
      "integrity": "sha1-M2w+LZIU5CvYtThxXZUXzZVcOxc=",
      "requires": {
        "@material/animation": "0.3.1",
        "@material/base": "0.2.3",
        "@material/ripple": "0.8.2",
        "@material/theme": "0.1.7"
      }
    },
    "@material/ripple": {
      "version": "0.8.2",
      "resolved": "https://registry.npmjs.org/@material/ripple/-/ripple-0.8.2.tgz",
      "integrity": "sha1-8YRAeXARIbOQX6TEfIMDXcEO1go=",
      "requires": {
        "@material/base": "0.2.3",
        "@material/theme": "0.1.7"
      }
    },
    "@material/rtl": {
      "version": "0.1.7",
      "resolved": "https://registry.npmjs.org/@material/rtl/-/rtl-0.1.7.tgz",
      "integrity": "sha1-s4t3GvGDvPNNZD9gDxf8QzaYU1o="
    },
    "@material/select": {
      "version": "0.3.12",
      "resolved": "https://registry.npmjs.org/@material/select/-/select-0.3.12.tgz",
      "integrity": "sha1-SanA3yOyNGMjVlAMj1lIH69dWrQ=",
      "requires": {
        "@material/animation": "0.3.1",
        "@material/base": "0.2.3",
        "@material/list": "0.2.14",
        "@material/menu": "0.4.3",
        "@material/rtl": "0.1.7",
        "@material/theme": "0.1.7",
        "@material/typography": "0.3.0"
      }
    },
    "@material/slider": {
      "version": "0.2.2",
      "resolved": "https://registry.npmjs.org/@material/slider/-/slider-0.2.2.tgz",
      "integrity": "sha1-959yeVv0c84aLiHmeM0ZNERtyTc=",
      "requires": {
        "@material/animation": "0.3.1",
        "@material/base": "0.2.3",
        "@material/rtl": "0.1.7",
        "@material/theme": "0.1.7"
      }
    },
    "@material/snackbar": {
      "version": "0.3.2",
      "resolved": "https://registry.npmjs.org/@material/snackbar/-/snackbar-0.3.2.tgz",
      "integrity": "sha1-oNeudJbQr6T9TkSCf2zBrf8Fk5w=",
      "requires": {
        "@material/animation": "0.3.1",
        "@material/base": "0.2.3",
        "@material/button": "0.3.11",
        "@material/rtl": "0.1.7",
        "@material/theme": "0.1.7",
        "@material/typography": "0.3.0"
      }
    },
    "@material/switch": {
      "version": "0.1.11",
      "resolved": "https://registry.npmjs.org/@material/switch/-/switch-0.1.11.tgz",
      "integrity": "sha1-hHMWukv/bLQ7DN4foGo4vtiphzM=",
      "requires": {
        "@material/animation": "0.3.1",
        "@material/elevation": "0.1.11",
        "@material/theme": "0.1.7"
      }
    },
    "@material/tabs": {
      "version": "0.2.5",
      "resolved": "https://registry.npmjs.org/@material/tabs/-/tabs-0.2.5.tgz",
      "integrity": "sha1-KCIOIzxjyFCSSiZMAsqmlpNfuBY=",
      "requires": {
        "@material/animation": "0.3.1",
        "@material/base": "0.2.3",
        "@material/ripple": "0.8.2",
        "@material/rtl": "0.1.7",
        "@material/theme": "0.1.7",
        "@material/typography": "0.3.0"
      }
    },
    "@material/textfield": {
      "version": "0.3.3",
      "resolved": "https://registry.npmjs.org/@material/textfield/-/textfield-0.3.3.tgz",
      "integrity": "sha1-Eje5Ia4HCDCQ+zV7PNMnNfPonrM=",
      "requires": {
        "@material/animation": "0.3.1",
        "@material/base": "0.2.3",
        "@material/ripple": "0.8.2",
        "@material/rtl": "0.1.7",
        "@material/theme": "0.1.7",
        "@material/typography": "0.3.0"
      }
    },
    "@material/theme": {
      "version": "0.1.7",
      "resolved": "https://registry.npmjs.org/@material/theme/-/theme-0.1.7.tgz",
      "integrity": "sha1-2Up8UJn+rp3DGMY5gCMnx66C6HI="
    },
    "@material/toolbar": {
      "version": "0.4.4",
      "resolved": "https://registry.npmjs.org/@material/toolbar/-/toolbar-0.4.4.tgz",
      "integrity": "sha1-7IenfeabPLhkb+QUNtDXdxMFkK8=",
      "requires": {
        "@material/base": "0.2.3",
        "@material/elevation": "0.1.11",
        "@material/rtl": "0.1.7",
        "@material/theme": "0.1.7",
        "@material/typography": "0.3.0"
      }
    },
    "@material/typography": {
      "version": "0.3.0",
      "resolved": "https://registry.npmjs.org/@material/typography/-/typography-0.3.0.tgz",
      "integrity": "sha1-+CjC0yFb/WbFgHJwm0JgxkElOQo="
    },
    "acorn": {
      "version": "4.0.13",
      "resolved": "https://registry.npmjs.org/acorn/-/acorn-4.0.13.tgz",
      "integrity": "sha1-EFSVrlNh1pe9GVyCUZLhrX8lN4c="
    },
    "amdefine": {
      "version": "1.0.1",
      "resolved": "https://registry.npmjs.org/amdefine/-/amdefine-1.0.1.tgz",
      "integrity": "sha1-SlKCrBZHKek2Gbz9OtFR+BfOkfU="
    },
    "ast-types": {
      "version": "0.9.6",
      "resolved": "https://registry.npmjs.org/ast-types/-/ast-types-0.9.6.tgz",
      "integrity": "sha1-ECyenpAF0+fjgpvwxPok7oYu6bk="
    },
    "balanced-match": {
      "version": "1.0.0",
      "resolved": "https://registry.npmjs.org/balanced-match/-/balanced-match-1.0.0.tgz",
      "integrity": "sha1-ibTRmasr7kneFk6gK4nORi1xt2c="
    },
    "base62": {
      "version": "1.2.0",
      "resolved": "https://registry.npmjs.org/base62/-/base62-1.2.0.tgz",
      "integrity": "sha1-MeflYNyEbJ9EwaUx32UU2jVHQVc="
    },
    "brace-expansion": {
      "version": "1.1.8",
      "resolved": "https://registry.npmjs.org/brace-expansion/-/brace-expansion-1.1.8.tgz",
      "integrity": "sha1-wHshHHyVLsH479Uad+8NHTmQopI=",
      "requires": {
        "balanced-match": "1.0.0",
        "concat-map": "0.0.1"
      }
    },
    "commander": {
      "version": "2.11.0",
      "resolved": "https://registry.npmjs.org/commander/-/commander-2.11.0.tgz",
      "integrity": "sha512-b0553uYA5YAEGgyYIGYROzKQ7X5RAqedkfjiZxwi0kL1g3bOaBNNZfYkzt/CL0umgD5wc9Jec2FbB98CjkMRvQ=="
    },
    "commoner": {
      "version": "0.10.8",
      "resolved": "https://registry.npmjs.org/commoner/-/commoner-0.10.8.tgz",
      "integrity": "sha1-NPw2cs0kOT6LtH5wyqApOBH08sU=",
      "requires": {
        "commander": "2.11.0",
        "detective": "4.5.0",
        "glob": "5.0.15",
        "graceful-fs": "4.1.11",
        "iconv-lite": "0.4.18",
        "mkdirp": "0.5.1",
        "private": "0.1.7",
        "q": "1.5.0",
        "recast": "0.11.23"
      }
    },
    "concat-map": {
      "version": "0.0.1",
      "resolved": "https://registry.npmjs.org/concat-map/-/concat-map-0.0.1.tgz",
      "integrity": "sha1-2Klr13/Wjfd5OnMDajug1UBdR3s="
    },
    "defined": {
      "version": "1.0.0",
      "resolved": "https://registry.npmjs.org/defined/-/defined-1.0.0.tgz",
      "integrity": "sha1-yY2bzvdWdBiOEQlpFRGZ45sfppM="
    },
    "detective": {
      "version": "4.5.0",
      "resolved": "https://registry.npmjs.org/detective/-/detective-4.5.0.tgz",
      "integrity": "sha1-blqMaybmx6JUsca210kNmOyR7dE=",
      "requires": {
        "acorn": "4.0.13",
        "defined": "1.0.0"
      }
    },
    "envify": {
      "version": "3.4.1",
      "resolved": "https://registry.npmjs.org/envify/-/envify-3.4.1.tgz",
      "integrity": "sha1-1xIjKejfFoi6dxsSUBkXyc5cvOg=",
      "requires": {
        "jstransform": "11.0.3",
        "through": "2.3.8"
      }
    },
    "esprima-fb": {
      "version": "15001.1.0-dev-harmony-fb",
      "resolved": "https://registry.npmjs.org/esprima-fb/-/esprima-fb-15001.1.0-dev-harmony-fb.tgz",
      "integrity": "sha1-MKlHMDxrjV6VW+4rmbHSMyBqaQE="
    },
    "focus-trap": {
      "version": "2.3.0",
      "resolved": "https://registry.npmjs.org/focus-trap/-/focus-trap-2.3.0.tgz",
      "integrity": "sha1-B8kZZIZ9NGMV9PX434i/lkVTFuI=",
      "requires": {
        "tabbable": "1.0.6"
      }
    },
    "glob": {
      "version": "5.0.15",
      "resolved": "https://registry.npmjs.org/glob/-/glob-5.0.15.tgz",
      "integrity": "sha1-G8k2ueAvSmA/zCIuz3Yz0wuLk7E=",
      "requires": {
        "inflight": "1.0.6",
        "inherits": "2.0.3",
        "minimatch": "3.0.4",
        "once": "1.4.0",
        "path-is-absolute": "1.0.1"
      }
    },
    "graceful-fs": {
      "version": "4.1.11",
      "resolved": "https://registry.npmjs.org/graceful-fs/-/graceful-fs-4.1.11.tgz",
      "integrity": "sha1-Dovf5NHduIVNZOBOp8AOKgJuVlg="
    },
    "iconv-lite": {
      "version": "0.4.18",
      "resolved": "https://registry.npmjs.org/iconv-lite/-/iconv-lite-0.4.18.tgz",
      "integrity": "sha512-sr1ZQph3UwHTR0XftSbK85OvBbxe/abLGzEnPENCQwmHf7sck8Oyu4ob3LgBxWWxRoM+QszeUyl7jbqapu2TqA=="
    },
    "inflight": {
      "version": "1.0.6",
      "resolved": "https://registry.npmjs.org/inflight/-/inflight-1.0.6.tgz",
      "integrity": "sha1-Sb1jMdfQLQwJvJEKEHW6gWW1bfk=",
      "requires": {
        "once": "1.4.0",
        "wrappy": "1.0.2"
      }
    },
    "inherits": {
      "version": "2.0.3",
      "resolved": "https://registry.npmjs.org/inherits/-/inherits-2.0.3.tgz",
      "integrity": "sha1-Yzwsg+PaQqUC9SRmAiSA9CCCYd4="
    },
    "jstransform": {
      "version": "11.0.3",
      "resolved": "https://registry.npmjs.org/jstransform/-/jstransform-11.0.3.tgz",
      "integrity": "sha1-CaeJk+CuTU70SH9hVakfYZDLQiM=",
      "requires": {
        "base62": "1.2.0",
        "commoner": "0.10.8",
        "esprima-fb": "15001.1.0-dev-harmony-fb",
        "object-assign": "2.1.1",
        "source-map": "0.4.4"
      }
    },
    "lodash": {
      "version": "4.17.4",
      "resolved": "https://registry.npmjs.org/lodash/-/lodash-4.17.4.tgz",
      "integrity": "sha1-eCA6TRwyiuHYbcpkYONptX9AVa4="
    },
    "material-components-web": {
      "version": "0.17.0",
      "resolved": "https://registry.npmjs.org/material-components-web/-/material-components-web-0.17.0.tgz",
      "integrity": "sha1-6nAuNiddBt1MNjiFTORWMcoxhoM=",
      "requires": {
        "@material/animation": "0.3.1",
        "@material/auto-init": "0.1.3",
        "@material/base": "0.2.3",
        "@material/button": "0.3.11",
        "@material/card": "0.2.6",
        "@material/checkbox": "0.4.2",
        "@material/dialog": "0.3.5",
        "@material/drawer": "0.5.4",
        "@material/elevation": "0.1.11",
        "@material/fab": "0.3.13",
        "@material/form-field": "0.2.11",
        "@material/grid-list": "0.2.8",
        "@material/icon-toggle": "0.1.16",
        "@material/layout-grid": "0.4.1",
        "@material/linear-progress": "0.1.6",
        "@material/list": "0.2.14",
        "@material/menu": "0.4.3",
        "@material/radio": "0.2.9",
        "@material/ripple": "0.8.2",
        "@material/rtl": "0.1.7",
        "@material/select": "0.3.12",
        "@material/slider": "0.2.2",
        "@material/snackbar": "0.3.2",
        "@material/switch": "0.1.11",
        "@material/tabs": "0.2.5",
        "@material/textfield": "0.3.3",
        "@material/theme": "0.1.7",
        "@material/toolbar": "0.4.4",
        "@material/typography": "0.3.0"
      }
    },
    "material-design-icons": {
      "version": "3.0.1",
      "resolved": "https://registry.npmjs.org/material-design-icons/-/material-design-icons-3.0.1.tgz",
      "integrity": "sha1-mnHEh0chjrylHlGmbaaCA4zct78="
    },
    "minimatch": {
      "version": "3.0.4",
      "resolved": "https://registry.npmjs.org/minimatch/-/minimatch-3.0.4.tgz",
      "integrity": "sha512-yJHVQEhyqPLUTgt9B83PXu6W3rx4MvvHvSUvToogpwoGDOUQ+yDrR0HRot+yOCdCO7u4hX3pWft6kWBBcqh0UA==",
      "requires": {
        "brace-expansion": "1.1.8"
      }
    },
    "minimist": {
      "version": "0.0.8",
      "resolved": "https://registry.npmjs.org/minimist/-/minimist-0.0.8.tgz",
      "integrity": "sha1-hX/Kv8M5fSYluCKCYuhqp6ARsF0="
    },
    "mkdirp": {
      "version": "0.5.1",
      "resolved": "https://registry.npmjs.org/mkdirp/-/mkdirp-0.5.1.tgz",
      "integrity": "sha1-MAV0OOrGz3+MR2fzhkjWaX11yQM=",
      "requires": {
        "minimist": "0.0.8"
      }
    },
    "object-assign": {
      "version": "2.1.1",
      "resolved": "https://registry.npmjs.org/object-assign/-/object-assign-2.1.1.tgz",
      "integrity": "sha1-Q8NuXVaf+OSBbE76i+AtJpZ8GKo="
    },
    "once": {
      "version": "1.4.0",
      "resolved": "https://registry.npmjs.org/once/-/once-1.4.0.tgz",
      "integrity": "sha1-WDsap3WWHUsROsF9nFC6753Xa9E=",
      "requires": {
        "wrappy": "1.0.2"
      }
    },
    "path-is-absolute": {
      "version": "1.0.1",
      "resolved": "https://registry.npmjs.org/path-is-absolute/-/path-is-absolute-1.0.1.tgz",
      "integrity": "sha1-F0uSaHNVNP+8es5r9TpanhtcX18="
    },
    "private": {
      "version": "0.1.7",
      "resolved": "https://registry.npmjs.org/private/-/private-0.1.7.tgz",
      "integrity": "sha1-aM5eih7woju1cMwoU3tTMqumPvE="
    },
    "q": {
      "version": "1.5.0",
      "resolved": "https://registry.npmjs.org/q/-/q-1.5.0.tgz",
      "integrity": "sha1-3QG6ydBtMObyGa7LglPunr3DCPE="
    },
    "recast": {
      "version": "0.11.23",
      "resolved": "https://registry.npmjs.org/recast/-/recast-0.11.23.tgz",
      "integrity": "sha1-RR/TAEqx5N+bTktmN2sqIZEkYtM=",
      "requires": {
        "ast-types": "0.9.6",
        "esprima": "3.1.3",
        "private": "0.1.7",
        "source-map": "0.5.6"
      },
      "dependencies": {
        "esprima": {
          "version": "3.1.3",
          "resolved": "https://registry.npmjs.org/esprima/-/esprima-3.1.3.tgz",
          "integrity": "sha1-/cpRzuYTOJXjyI1TXOSdv/YqRjM="
        },
        "source-map": {
          "version": "0.5.6",
          "resolved": "https://registry.npmjs.org/source-map/-/source-map-0.5.6.tgz",
          "integrity": "sha1-dc449SvwczxafwwRjYEzSiu19BI="
        }
      }
    },
    "source-map": {
      "version": "0.4.4",
      "resolved": "https://registry.npmjs.org/source-map/-/source-map-0.4.4.tgz",
      "integrity": "sha1-66T12pwNyZneaAMti092FzZSA2s=",
      "requires": {
        "amdefine": "1.0.1"
      }
    },
    "tabbable": {
      "version": "1.0.6",
      "resolved": "https://registry.npmjs.org/tabbable/-/tabbable-1.0.6.tgz",
      "integrity": "sha1-fCaofqb0ol7fXtthl0WgrnQHJPw="
    },
    "through": {
      "version": "2.3.8",
      "resolved": "https://registry.npmjs.org/through/-/through-2.3.8.tgz",
      "integrity": "sha1-DdTJ/6q8NXlgsbckEV1+Doai4fU="
    },
    "vue": {
      "version": "1.0.28-csp",
      "resolved": "https://registry.npmjs.org/vue/-/vue-1.0.28-csp.tgz",
      "integrity": "sha1-AoFNUC7/Pk77ahK4gvvztV8eLx4=",
      "requires": {
        "envify": "3.4.1"
      }
    },
    "wrappy": {
      "version": "1.0.2",
      "resolved": "https://registry.npmjs.org/wrappy/-/wrappy-1.0.2.tgz",
      "integrity": "sha1-tSQ9jz7BqjXxNkYFvA0QNuMKtp8="
    }
  }
}
